
Microsoft Visual Studio Solution File, Format Version 12.00
# Visual Studio 15
VisualStudioVersion = 15.0.26430.12
MinimumVisualStudioVersion = 10.0.40219.1
Project("{F184B08F-C81C-45F6-A57F-5ABD9991F28F}") = "ForLoops", "ForLoops\ForLoops.vbproj", "{833391B4-7A27-4FE4-AE44-F50EA2B26E90}"
EndProject
Global
	GlobalSection(SolutionConfigurationPlatforms) = preSolution
		Debug|Any CPU = Debug|Any CPU
		Release|Any CPU = Release|Any CPU
	EndGlobalSection
	GlobalSection(ProjectConfigurationPlatforms) = postSolution
		{833391B4-7A27-4FE4-AE44-F50EA2B26E90}.Debug|Any CPU.ActiveCfg = Debug|Any CPU
		{833391B4-7A27-4FE4-AE44-F50EA2B26E90}.Debug|Any CPU.Build.0 = Debug|Any CPU
		{833391B4-7A27-4FE4-AE44-F50EA2B26E90}.Release|Any CPU.ActiveCfg = Release|Any CPU
		{833391B4-7A27-4FE4-AE44-F50EA2B26E90}.Release|Any CPU.Build.0 = Release|Any CPU
	EndGlobalSection
	GlobalSection(SolutionProperties) = preSolution
		HideSolutionNode = FALSE
	EndGlobalSection
EndGlobal
